
Microsoft Visual Studio Solution File, Format Version 12.00
# Visual Studio Version 16
VisualStudioVersion = 16.0.30523.141
MinimumVisualStudioVersion = 10.0.40219.1
Project("{FAE04EC0-301F-11D3-BF4B-00C04F79EFBC}") = "Ranzascu_Ranzascu_Lab8", "Ranzascu_Ranzascu_Lab8.csproj", "{A2D3941C-6897-4B0A-B9E1-8EDD99DBA234}"
EndProject
Global
	GlobalSection(SolutionConfigurationPlatforms) = preSolution
		Debug|Any CPU = Debug|Any CPU
		Release|Any CPU = Release|Any CPU
	EndGlobalSection
	GlobalSection(ProjectConfigurationPlatforms) = postSolution
		{A2D3941C-6897-4B0A-B9E1-8EDD99DBA234}.Debug|Any CPU.ActiveCfg = Debug|Any CPU
		{A2D3941C-6897-4B0A-B9E1-8EDD99DBA234}.Debug|Any CPU.Build.0 = Debug|Any CPU
		{A2D3941C-6897-4B0A-B9E1-8EDD99DBA234}.Release|Any CPU.ActiveCfg = Release|Any CPU
		{A2D3941C-6897-4B0A-B9E1-8EDD99DBA234}.Release|Any CPU.Build.0 = Release|Any CPU
	EndGlobalSection
	GlobalSection(SolutionProperties) = preSolution
		HideSolutionNode = FALSE
	EndGlobalSection
	GlobalSection(ExtensibilityGlobals) = postSolution
		SolutionGuid = {AA925897-6EEE-43A4-AEE5-E1ECAB108554}
	EndGlobalSection
EndGlobal
